
Microsoft Visual Studio Solution File, Format Version 12.00
# Visual Studio Version 16
VisualStudioVersion = 16.0.30114.105
MinimumVisualStudioVersion = 10.0.40219.1
Project("{FAE04EC0-301F-11D3-BF4B-00C04F79EFBC}") = "API_Peliculas.Domain", "API_Peliculas.Domain\API_Peliculas.Domain.csproj", "{4536B014-DD00-4EE6-8780-864311707F5C}"
EndProject
Project("{FAE04EC0-301F-11D3-BF4B-00C04F79EFBC}") = "API_Peliculas.Infraestructure", "API_Peliculas.Infraestructure\API_Peliculas.Infraestructure.csproj", "{4BF2A530-5389-4596-960E-DE59357E81A8}"
EndProject
Project("{FAE04EC0-301F-11D3-BF4B-00C04F79EFBC}") = "API_Peliculas.Application", "API_Peliculas.Application\API_Peliculas.Application.csproj", "{45BC5453-E179-4DD3-978D-F3E3532F06F5}"
EndProject
Project("{FAE04EC0-301F-11D3-BF4B-00C04F79EFBC}") = "API_Peliculas.Api", "API_Peliculas.Api\API_Peliculas.Api.csproj", "{F03078EE-2837-443A-8953-425D19FAB5C1}"
EndProject
Global
	GlobalSection(SolutionConfigurationPlatforms) = preSolution
		Debug|Any CPU = Debug|Any CPU
		Debug|x64 = Debug|x64
		Debug|x86 = Debug|x86
		Release|Any CPU = Release|Any CPU
		Release|x64 = Release|x64
		Release|x86 = Release|x86
	EndGlobalSection
	GlobalSection(SolutionProperties) = preSolution
		HideSolutionNode = FALSE
	EndGlobalSection
	GlobalSection(ProjectConfigurationPlatforms) = postSolution
		{4536B014-DD00-4EE6-8780-864311707F5C}.Debug|Any CPU.ActiveCfg = Debug|Any CPU
		{4536B014-DD00-4EE6-8780-864311707F5C}.Debug|Any CPU.Build.0 = Debug|Any CPU
		{4536B014-DD00-4EE6-8780-864311707F5C}.Debug|x64.ActiveCfg = Debug|Any CPU
		{4536B014-DD00-4EE6-8780-864311707F5C}.Debug|x64.Build.0 = Debug|Any CPU
		{4536B014-DD00-4EE6-8780-864311707F5C}.Debug|x86.ActiveCfg = Debug|Any CPU
		{4536B014-DD00-4EE6-8780-864311707F5C}.Debug|x86.Build.0 = Debug|Any CPU
		{4536B014-DD00-4EE6-8780-864311707F5C}.Release|Any CPU.ActiveCfg = Release|Any CPU
		{4536B014-DD00-4EE6-8780-864311707F5C}.Release|Any CPU.Build.0 = Release|Any CPU
		{4536B014-DD00-4EE6-8780-864311707F5C}.Release|x64.ActiveCfg = Release|Any CPU
		{4536B014-DD00-4EE6-8780-864311707F5C}.Release|x64.Build.0 = Release|Any CPU
		{4536B014-DD00-4EE6-8780-864311707F5C}.Release|x86.ActiveCfg = Release|Any CPU
		{4536B014-DD00-4EE6-8780-864311707F5C}.Release|x86.Build.0 = Release|Any CPU
		{4BF2A530-5389-4596-960E-DE59357E81A8}.Debug|Any CPU.ActiveCfg = Debug|Any CPU
		{4BF2A530-5389-4596-960E-DE59357E81A8}.Debug|Any CPU.Build.0 = Debug|Any CPU
		{4BF2A530-5389-4596-960E-DE59357E81A8}.Debug|x64.ActiveCfg = Debug|Any CPU
		{4BF2A530-5389-4596-960E-DE59357E81A8}.Debug|x64.Build.0 = Debug|Any CPU
		{4BF2A530-5389-4596-960E-DE59357E81A8}.Debug|x86.ActiveCfg = Debug|Any CPU
		{4BF2A530-5389-4596-960E-DE59357E81A8}.Debug|x86.Build.0 = Debug|Any CPU
		{4BF2A530-5389-4596-960E-DE59357E81A8}.Release|Any CPU.ActiveCfg = Release|Any CPU
		{4BF2A530-5389-4596-960E-DE59357E81A8}.Release|Any CPU.Build.0 = Release|Any CPU
		{4BF2A530-5389-4596-960E-DE59357E81A8}.Release|x64.ActiveCfg = Release|Any CPU
		{4BF2A530-5389-4596-960E-DE59357E81A8}.Release|x64.Build.0 = Release|Any CPU
		{4BF2A530-5389-4596-960E-DE59357E81A8}.Release|x86.ActiveCfg = Release|Any CPU
		{4BF2A530-5389-4596-960E-DE59357E81A8}.Release|x86.Build.0 = Release|Any CPU
		{45BC5453-E179-4DD3-978D-F3E3532F06F5}.Debug|Any CPU.ActiveCfg = Debug|Any CPU
		{45BC5453-E179-4DD3-978D-F3E3532F06F5}.Debug|Any CPU.Build.0 = Debug|Any CPU
		{45BC5453-E179-4DD3-978D-F3E3532F06F5}.Debug|x64.ActiveCfg = Debug|Any CPU
		{45BC5453-E179-4DD3-978D-F3E3532F06F5}.Debug|x64.Build.0 = Debug|Any CPU
		{45BC5453-E179-4DD3-978D-F3E3532F06F5}.Debug|x86.ActiveCfg = Debug|Any CPU
		{45BC5453-E179-4DD3-978D-F3E3532F06F5}.Debug|x86.Build.0 = Debug|Any CPU
		{45BC5453-E179-4DD3-978D-F3E3532F06F5}.Release|Any CPU.ActiveCfg = Release|Any CPU
		{45BC5453-E179-4DD3-978D-F3E3532F06F5}.Release|Any CPU.Build.0 = Release|Any CPU
		{45BC5453-E179-4DD3-978D-F3E3532F06F5}.Release|x64.ActiveCfg = Release|Any CPU
		{45BC5453-E179-4DD3-978D-F3E3532F06F5}.Release|x64.Build.0 = Release|Any CPU
		{45BC5453-E179-4DD3-978D-F3E3532F06F5}.Release|x86.ActiveCfg = Release|Any CPU
		{45BC5453-E179-4DD3-978D-F3E3532F06F5}.Release|x86.Build.0 = Release|Any CPU
		{F03078EE-2837-443A-8953-425D19FAB5C1}.Debug|Any CPU.ActiveCfg = Debug|Any CPU
		{F03078EE-2837-443A-8953-425D19FAB5C1}.Debug|Any CPU.Build.0 = Debug|Any CPU
		{F03078EE-2837-443A-8953-425D19FAB5C1}.Debug|x64.ActiveCfg = Debug|Any CPU
		{F03078EE-2837-443A-8953-425D19FAB5C1}.Debug|x64.Build.0 = Debug|Any CPU
		{F03078EE-2837-443A-8953-425D19FAB5C1}.Debug|x86.ActiveCfg = Debug|Any CPU
		{F03078EE-2837-443A-8953-425D19FAB5C1}.Debug|x86.Build.0 = Debug|Any CPU
		{F03078EE-2837-443A-8953-425D19FAB5C1}.Release|Any CPU.ActiveCfg = Release|Any CPU
		{F03078EE-2837-443A-8953-425D19FAB5C1}.Release|Any CPU.Build.0 = Release|Any CPU
		{F03078EE-2837-443A-8953-425D19FAB5C1}.Release|x64.ActiveCfg = Release|Any CPU
		{F03078EE-2837-443A-8953-425D19FAB5C1}.Release|x64.Build.0 = Release|Any CPU
		{F03078EE-2837-443A-8953-425D19FAB5C1}.Release|x86.ActiveCfg = Release|Any CPU
		{F03078EE-2837-443A-8953-425D19FAB5C1}.Release|x86.Build.0 = Release|Any CPU
	EndGlobalSection
EndGlobal
